// !$*UTF8*$!
{
	archiveVersion = 1;
	classes = {
	};
	objectVersion = 55;
	objects = {

/* Begin PBXBuildFile section */
		74775A9D29798424005C6D4F /* ContentChildView.swift in Sources */ = {isa = PBXBuildFile; fileRef = 74775A9C29798424005C6D4F /* ContentChildView.swift */; };
		749CDEA02976DB5200BB5D0C /* __2_PropertyWrappersApp.swift in Sources */ = {isa = PBXBuildFile; fileRef = 749CDE9F2976DB5200BB5D0C /* __2_PropertyWrappersApp.swift */; };
		749CDEA22976DB5200BB5D0C /* ContentView.swift in Sources */ = {isa = PBXBuildFile; fileRef = 749CDEA12976DB5200BB5D0C /* ContentView.swift */; };
		749CDEA42976DB5400BB5D0C /* Assets.xcassets in Resources */ = {isa = PBXBuildFile; fileRef = 749CDEA32976DB5400BB5D0C /* Assets.xcassets */; };
		749CDEA72976DB5400BB5D0C /* Preview Assets.xcassets in Resources */ = {isa = PBXBuildFile; fileRef = 749CDEA62976DB5400BB5D0C /* Preview Assets.xcassets */; };
		749CDEAE2976DD6000BB5D0C /* TestStateObject.swift in Sources */ = {isa = PBXBuildFile; fileRef = 749CDEAD2976DD6000BB5D0C /* TestStateObject.swift */; };
/* End PBXBuildFile section */

/* Begin PBXFileReference section */
		74775A9C29798424005C6D4F /* ContentChildView.swift */ = {isa = PBXFileReference; lastKnownFileType = sourcecode.swift; path = ContentChildView.swift; sourceTree = "<group>"; };
		749CDE9C2976DB5200BB5D0C /* 4.2 PropertyWrappers.app */ = {isa = PBXFileReference; explicitFileType = wrapper.application; includeInIndex = 0; path = "4.2 PropertyWrappers.app"; sourceTree = BUILT_PRODUCTS_DIR; };
		749CDE9F2976DB5200BB5D0C /* __2_PropertyWrappersApp.swift */ = {isa = PBXFileReference; lastKnownFileType = sourcecode.swift; path = __2_PropertyWrappersApp.swift; sourceTree = "<group>"; };
		749CDEA12976DB5200BB5D0C /* ContentView.swift */ = {isa = PBXFileReference; lastKnownFileType = sourcecode.swift; path = ContentView.swift; sourceTree = "<group>"; };
		749CDEA32976DB5400BB5D0C /* Assets.xcassets */ = {isa = PBXFileReference; lastKnownFileType = folder.assetcatalog; path = Assets.xcassets; sourceTree = "<group>"; };
		749CDEA62976DB5400BB5D0C /* Preview Assets.xcassets */ = {isa = PBXFileReference; lastKnownFileType = folder.assetcatalog; path = "Preview Assets.xcassets"; sourceTree = "<group>"; };
		749CDEAD2976DD6000BB5D0C /* TestStateObject.swift */ = {isa = PBXFileReference; lastKnownFileType = sourcecode.swift; path = TestStateObject.swift; sourceTree = "<group>"; };
/* End PBXFileReference section */

/* Begin PBXFrameworksBuildPhase section */
		749CDE992976DB5200BB5D0C /* Frameworks */ = {
			isa = PBXFrameworksBuildPhase;
			buildActionMask = 2147483647;
			files = (
			);
			runOnlyForDeploymentPostprocessing = 0;
		};
/* End PBXFrameworksBuildPhase section */

/* Begin PBXGroup section */
		749CDE932976DB5200BB5D0C = {
			isa = PBXGroup;
			children = (
				749CDE9E2976DB5200BB5D0C /* 4.2 PropertyWrappers */,
				749CDE9D2976DB5200BB5D0C /* Products */,
			);
			sourceTree = "<group>";
		};
		749CDE9D2976DB5200BB5D0C /* Products */ = {
			isa = PBXGroup;
			children = (
				749CDE9C2976DB5200BB5D0C /* 4.2 PropertyWrappers.app */,
			);
			name = Products;
			sourceTree = "<group>";
		};
		749CDE9E2976DB5200BB5D0C /* 4.2 PropertyWrappers */ = {
			isa = PBXGroup;
			children = (
				74775A9C29798424005C6D4F /* ContentChildView.swift */,
				749CDE9F2976DB5200BB5D0C /* __2_PropertyWrappersApp.swift */,
				749CDEA12976DB5200BB5D0C /* ContentView.swift */,
				749CDEAD2976DD6000BB5D0C /* TestStateObject.swift */,
				749CDEA32976DB5400BB5D0C /* Assets.xcassets */,
				749CDEA52976DB5400BB5D0C /* Preview Content */,
			);
			path = "4.2 PropertyWrappers";
			sourceTree = "<group>";
		};
		749CDEA52976DB5400BB5D0C /* Preview Content */ = {
			isa = PBXGroup;
			children = (
				749CDEA62976DB5400BB5D0C /* Preview Assets.xcassets */,
			);
			path = "Preview Content";
			sourceTree = "<group>";
		};
/* End PBXGroup section */

/* Begin PBXNativeTarget section */
		749CDE9B2976DB5200BB5D0C /* 4.2 PropertyWrappers */ = {
			isa = PBXNativeTarget;
			buildConfigurationList = 749CDEAA2976DB5400BB5D0C /* Build configuration list for PBXNativeTarget "4.2 PropertyWrappers" */;
			buildPhases = (
				749CDE982976DB5200BB5D0C /* Sources */,
				749CDE992976DB5200BB5D0C /* Frameworks */,
				749CDE9A2976DB5200BB5D0C /* Resources */,
			);
			buildRules = (
			);
			dependencies = (
			);
			name = "4.2 PropertyWrappers";
			productName = "4.2 PropertyWrappers";
			productReference = 749CDE9C2976DB5200BB5D0C /* 4.2 PropertyWrappers.app */;
			productType = "com.apple.product-type.application";
		};
/* End PBXNativeTarget section */

/* Begin PBXProject section */
		749CDE942976DB5200BB5D0C /* Project object */ = {
			isa = PBXProject;
			attributes = {
				BuildIndependentTargetsInParallel = 1;
				LastSwiftUpdateCheck = 1420;
				LastUpgradeCheck = 1420;
				TargetAttributes = {
					749CDE9B2976DB5200BB5D0C = {
						CreatedOnToolsVersion = 14.2;
					};
				};
			};
			buildConfigurationList = 749CDE972976DB5200BB5D0C /* Build configuration list for PBXProject "4.2 PropertyWrappers" */;
			compatibilityVersion = "Xcode 13.0";
			developmentRegion = en;
			hasScannedForEncodings = 0;
			knownRegions = (
				en,
				Base,
			);
			mainGroup = 749CDE932976DB5200BB5D0C;
			productRefGroup = 749CDE9D2976DB5200BB5D0C /* Products */;
			projectDirPath = "";
			projectRoot = "";
			targets = (
				749CDE9B2976DB5200BB5D0C /* 4.2 PropertyWrappers */,
			);
		};
/* End PBXProject section */

/* Begin PBXResourcesBuildPhase section */
		749CDE9A2976DB5200BB5D0C /* Resources */ = {
			isa = PBXResourcesBuildPhase;
			buildActionMask = 2147483647;
			files = (
				749CDEA72976DB5400BB5D0C /* Preview Assets.xcassets in Resources */,
				749CDEA42976DB5400BB5D0C /* Assets.xcassets in Resources */,
			);
			runOnlyForDeploymentPostprocessing = 0;
		};
/* End PBXResourcesBuildPhase section */

/* Begin PBXSourcesBuildPhase section */
		749CDE982976DB5200BB5D0C /* Sources */ = {
			isa = PBXSourcesBuildPhase;
			buildActionMask = 2147483647;
			files = (
				749CDEAE2976DD6000BB5D0C /* TestStateObject.swift in Sources */,
				749CDEA22976DB5200BB5D0C /* ContentView.swift in Sources */,
				749CDEA02976DB5200BB5D0C /* __2_PropertyWrappersApp.swift in Sources */,
				74775A9D29798424005C6D4F /* ContentChildView.swift in Sources */,
			);
			runOnlyForDeploymentPostprocessing = 0;
		};
/* End PBXSourcesBuildPhase section */

/* Begin XCBuildConfiguration section */
		749CDEA82976DB5400BB5D0C /* Debug */ = {
			isa = XCBuildConfiguration;
			buildSettings = {
				ALWAYS_SEARCH_USER_PATHS = NO;
				CLANG_ANALYZER_NONNULL = YES;
				CLANG_ANALYZER_NUMBER_OBJECT_CONVERSION = YES_AGGRESSIVE;
				CLANG_CXX_LANGUAGE_STANDARD = "gnu++20";
				CLANG_ENABLE_MODULES = YES;
				CLANG_ENABLE_OBJC_ARC = YES;
				CLANG_ENABLE_OBJC_WEAK = YES;
				CLANG_WARN_BLOCK_CAPTURE_AUTORELEASING = YES;
				CLANG_WARN_BOOL_CONVERSION = YES;
				CLANG_WARN_COMMA = YES;
				CLANG_WARN_CONSTANT_CONVERSION = YES;
				CLANG_WARN_DEPRECATED_OBJC_IMPLEMENTATIONS = YES;
				CLANG_WARN_DIRECT_OBJC_ISA_USAGE = YES_ERROR;
				CLANG_WARN_DOCUMENTATION_COMMENTS = YES;
				CLANG_WARN_EMPTY_BODY = YES;
				CLANG_WARN_ENUM_CONVERSION = YES;
				CLANG_WARN_INFINITE_RECURSION = YES;
				CLANG_WARN_INT_CONVERSION = YES;
				CLANG_WARN_NON_LITERAL_NULL_CONVERSION = YES;
				CLANG_WARN_OBJC_IMPLICIT_RETAIN_SELF = YES;
				CLANG_WARN_OBJC_LITERAL_CONVERSION = YES;
				CLANG_WARN_OBJC_ROOT_CLASS = YES_ERROR;
				CLANG_WARN_QUOTED_INCLUDE_IN_FRAMEWORK_HEADER = YES;
				CLANG_WARN_RANGE_LOOP_ANALYSIS = YES;
				CLANG_WARN_STRICT_PROTOTYPES = YES;
				CLANG_WARN_SUSPICIOUS_MOVE = YES;
				CLANG_WARN_UNGUARDED_AVAILABILITY = YES_AGGRESSIVE;
				CLANG_WARN_UNREACHABLE_CODE = YES;
				CLANG_WARN__DUPLICATE_METHOD_MATCH = YES;
				COPY_PHASE_STRIP = NO;
				DEBUG_INFORMATION_FORMAT = dwarf;
				ENABLE_STRICT_OBJC_MSGSEND = YES;
				ENABLE_TESTABILITY = YES;
				GCC_C_LANGUAGE_STANDARD = gnu11;
				GCC_DYNAMIC_NO_PIC = NO;
				GCC_NO_COMMON_BLOCKS = YES;
				GCC_OPTIMIZATION_LEVEL = 0;
				GCC_PREPROCESSOR_DEFINITIONS = (
					"DEBUG=1",
					"$(inherited)",
				);
				GCC_WARN_64_TO_32_BIT_CONVERSION = YES;
				GCC_WARN_ABOUT_RETURN_TYPE = YES_ERROR;
				GCC_WARN_UNDECLARED_SELECTOR = YES;
				GCC_WARN_UNINITIALIZED_AUTOS = YES_AGGRESSIVE;
				GCC_WARN_UNUSED_FUNCTION = YES;
				GCC_WARN_UNUSED_VARIABLE = YES;
				IPHONEOS_DEPLOYMENT_TARGET = 15.2;
				MTL_ENABLE_DEBUG_INFO = INCLUDE_SOURCE;
				MTL_FAST_MATH = YES;
				ONLY_ACTIVE_ARCH = YES;
				SDKROOT = iphoneos;
				SWIFT_ACTIVE_COMPILATION_CONDITIONS = DEBUG;
				SWIFT_OPTIMIZATION_LEVEL = "-Onone";
			};
			name = Debug;
		};
		749CDEA92976DB5400BB5D0C /* Release */ = {
			isa = XCBuildConfiguration;
			buildSettings = {
				ALWAYS_SEARCH_USER_PATHS = NO;
				CLANG_ANALYZER_NONNULL = YES;
				CLANG_ANALYZER_NUMBER_OBJECT_CONVERSION = YES_AGGRESSIVE;
				CLANG_CXX_LANGUAGE_STANDARD = "gnu++20";
				CLANG_ENABLE_MODULES = YES;
				CLANG_ENABLE_OBJC_ARC = YES;
				CLANG_ENABLE_OBJC_WEAK = YES;
				CLANG_WARN_BLOCK_CAPTURE_AUTORELEASING = YES;
				CLANG_WARN_BOOL_CONVERSION = YES;
				CLANG_WARN_COMMA = YES;
				CLANG_WARN_CONSTANT_CONVERSION = YES;
				CLANG_WARN_DEPRECATED_OBJC_IMPLEMENTATIONS = YES;
				CLANG_WARN_DIRECT_OBJC_ISA_USAGE = YES_ERROR;
				CLANG_WARN_DOCUMENTATION_COMMENTS = YES;
				CLANG_WARN_EMPTY_BODY = YES;
				CLANG_WARN_ENUM_CONVERSION = YES;
				CLANG_WARN_INFINITE_RECURSION = YES;
				CLANG_WARN_INT_CONVERSION = YES;
				CLANG_WARN_NON_LITERAL_NULL_CONVERSION = YES;
				CLANG_WARN_OBJC_IMPLICIT_RETAIN_SELF = YES;
				CLANG_WARN_OBJC_LITERAL_CONVERSION = YES;
				CLANG_WARN_OBJC_ROOT_CLASS = YES_ERROR;
				CLANG_WARN_QUOTED_INCLUDE_IN_FRAMEWORK_HEADER = YES;
				CLANG_WARN_RANGE_LOOP_ANALYSIS = YES;
				CLANG_WARN_STRICT_PROTOTYPES = YES;
				CLANG_WARN_SUSPICIOUS_MOVE = YES;
				CLANG_WARN_UNGUARDED_AVAILABILITY = YES_AGGRESSIVE;
				CLANG_WARN_UNREACHABLE_CODE = YES;
				CLANG_WARN__DUPLICATE_METHOD_MATCH = YES;
				COPY_PHASE_STRIP = NO;
				DEBUG_INFORMATION_FORMAT = "dwarf-with-dsym";
				ENABLE_NS_ASSERTIONS = NO;
				ENABLE_STRICT_OBJC_MSGSEND = YES;
				GCC_C_LANGUAGE_STANDARD = gnu11;
				GCC_NO_COMMON_BLOCKS = YES;
				GCC_WARN_64_TO_32_BIT_CONVERSION = YES;
				GCC_WARN_ABOUT_RETURN_TYPE = YES_ERROR;
				GCC_WARN_UNDECLARED_SELECTOR = YES;
				GCC_WARN_UNINITIALIZED_AUTOS = YES_AGGRESSIVE;
				GCC_WARN_UNUSED_FUNCTION = YES;
				GCC_WARN_UNUSED_VARIABLE = YES;
				IPHONEOS_DEPLOYMENT_TARGET = 15.2;
				MTL_ENABLE_DEBUG_INFO = NO;
				MTL_FAST_MATH = YES;
				SDKROOT = iphoneos;
				SWIFT_COMPILATION_MODE = wholemodule;
				SWIFT_OPTIMIZATION_LEVEL = "-O";
				VALIDATE_PRODUCT = YES;
			};
			name = Release;
		};
		749CDEAB2976DB5400BB5D0C /* Debug */ = {
			isa = XCBuildConfiguration;
			buildSettings = {
				ASSETCATALOG_COMPILER_APPICON_NAME = AppIcon;
				ASSETCATALOG_COMPILER_GLOBAL_ACCENT_COLOR_NAME = AccentColor;
				CODE_SIGN_STYLE = Automatic;
				CURRENT_PROJECT_VERSION = 1;
				DEVELOPMENT_ASSET_PATHS = "\"4.2 PropertyWrappers/Preview Content\"";
				ENABLE_PREVIEWS = YES;
				GENERATE_INFOPLIST_FILE = YES;
				INFOPLIST_KEY_UIApplicationSceneManifest_Generation = YES;
				INFOPLIST_KEY_UIApplicationSupportsIndirectInputEvents = YES;
				INFOPLIST_KEY_UILaunchScreen_Generation = YES;
				INFOPLIST_KEY_UISupportedInterfaceOrientations_iPad = "UIInterfaceOrientationPortrait UIInterfaceOrientationPortraitUpsideDown UIInterfaceOrientationLandscapeLeft UIInterfaceOrientationLandscapeRight";
				INFOPLIST_KEY_UISupportedInterfaceOrientations_iPhone = "UIInterfaceOrientationPortrait UIInterfaceOrientationLandscapeLeft UIInterfaceOrientationLandscapeRight";
				LD_RUNPATH_SEARCH_PATHS = (
					"$(inherited)",
					"@executable_path/Frameworks",
				);
				MARKETING_VERSION = 1.0;
				PRODUCT_BUNDLE_IDENTIFIER = "uk.ac.southwales.aking1.--2-PropertyWrappers";
				PRODUCT_NAME = "$(TARGET_NAME)";
				SWIFT_EMIT_LOC_STRINGS = YES;
				SWIFT_VERSION = 5.0;
				TARGETED_DEVICE_FAMILY = "1,2";
			};
			name = Debug;
		};
		749CDEAC2976DB5400BB5D0C /* Release */ = {
			isa = XCBuildConfiguration;
			buildSettings = {
				ASSETCATALOG_COMPILER_APPICON_NAME = AppIcon;
				ASSETCATALOG_COMPILER_GLOBAL_ACCENT_COLOR_NAME = AccentColor;
				CODE_SIGN_STYLE = Automatic;
				CURRENT_PROJECT_VERSION = 1;
				DEVELOPMENT_ASSET_PATHS = "\"4.2 PropertyWrappers/Preview Content\"";
				ENABLE_PREVIEWS = YES;
				GENERATE_INFOPLIST_FILE = YES;
				INFOPLIST_KEY_UIApplicationSceneManifest_Generation = YES;
				INFOPLIST_KEY_UIApplicationSupportsIndirectInputEvents = YES;
				INFOPLIST_KEY_UILaunchScreen_Generation = YES;
				INFOPLIST_KEY_UISupportedInterfaceOrientations_iPad = "UIInterfaceOrientationPortrait UIInterfaceOrientationPortraitUpsideDown UIInterfaceOrientationLandscapeLeft UIInterfaceOrientationLandscapeRight";
				INFOPLIST_KEY_UISupportedInterfaceOrientations_iPhone = "UIInterfaceOrientationPortrait UIInterfaceOrientationLandscapeLeft UIInterfaceOrientationLandscapeRight";
				LD_RUNPATH_SEARCH_PATHS = (
					"$(inherited)",
					"@executable_path/Frameworks",
				);
				MARKETING_VERSION = 1.0;
				PRODUCT_BUNDLE_IDENTIFIER = "uk.ac.southwales.aking1.--2-PropertyWrappers";
				PRODUCT_NAME = "$(TARGET_NAME)";
				SWIFT_EMIT_LOC_STRINGS = YES;
				SWIFT_VERSION = 5.0;
				TARGETED_DEVICE_FAMILY = "1,2";
			};
			name = Release;
		};
/* End XCBuildConfiguration section */

/* Begin XCConfigurationList section */
		749CDE972976DB5200BB5D0C /* Build configuration list for PBXProject "4.2 PropertyWrappers" */ = {
			isa = XCConfigurationList;
			buildConfigurations = (
				749CDEA82976DB5400BB5D0C /* Debug */,
				749CDEA92976DB5400BB5D0C /* Release */,
			);
			defaultConfigurationIsVisible = 0;
			defaultConfigurationName = Release;
		};
		749CDEAA2976DB5400BB5D0C /* Build configuration list for PBXNativeTarget "4.2 PropertyWrappers" */ = {
			isa = XCConfigurationList;
			buildConfigurations = (
				749CDEAB2976DB5400BB5D0C /* Debug */,
				749CDEAC2976DB5400BB5D0C /* Release */,
			);
			defaultConfigurationIsVisible = 0;
			defaultConfigurationName = Release;
		};
/* End XCConfigurationList section */
	};
	rootObject = 749CDE942976DB5200BB5D0C /* Project object */;
}
